title: 'Image Block'
fields:
  -
    handle: article_image
    field:
      mode: list
      container: assets
      restrict: false
      allow_uploads: true
      show_filename: true
      display: 'Article image'
      type: assets
      icon: assets
      listable: hidden
      instructions_position: above
      visibility: visible
  -
    handle: alt
    field:
      input_type: text
      antlers: false
      display: Alt
      type: text
      icon: text
      listable: hidden
      instructions_position: above
      visibility: visible
